
Microsoft Visual Studio Solution File, Format Version 12.00
# Visual Studio Version 17
VisualStudioVersion = 17.11.35222.181
MinimumVisualStudioVersion = 10.0.40219.1
Project("{FAE04EC0-301F-11D3-BF4B-00C04F79EFBC}") = "GreenLeaf.APIService", "GreenLeaf.APIService\GreenLeaf.APIService.csproj", "{DB23AC39-E361-47BD-A564-BCE1005DCEA5}"
EndProject
Project("{FAE04EC0-301F-11D3-BF4B-00C04F79EFBC}") = "GreenLeaf.Repository", "GreenLeaf.Repository\GreenLeaf.Repository.csproj", "{CCD1A326-A7E0-4B81-A029-981D0B4FE6C5}"
EndProject
Global
	GlobalSection(SolutionConfigurationPlatforms) = preSolution
		Debug|Any CPU = Debug|Any CPU
		Release|Any CPU = Release|Any CPU
	EndGlobalSection
	GlobalSection(ProjectConfigurationPlatforms) = postSolution
		{DB23AC39-E361-47BD-A564-BCE1005DCEA5}.Debug|Any CPU.ActiveCfg = Debug|Any CPU
		{DB23AC39-E361-47BD-A564-BCE1005DCEA5}.Debug|Any CPU.Build.0 = Debug|Any CPU
		{DB23AC39-E361-47BD-A564-BCE1005DCEA5}.Release|Any CPU.ActiveCfg = Release|Any CPU
		{DB23AC39-E361-47BD-A564-BCE1005DCEA5}.Release|Any CPU.Build.0 = Release|Any CPU
		{CCD1A326-A7E0-4B81-A029-981D0B4FE6C5}.Debug|Any CPU.ActiveCfg = Debug|Any CPU
		{CCD1A326-A7E0-4B81-A029-981D0B4FE6C5}.Debug|Any CPU.Build.0 = Debug|Any CPU
		{CCD1A326-A7E0-4B81-A029-981D0B4FE6C5}.Release|Any CPU.ActiveCfg = Release|Any CPU
		{CCD1A326-A7E0-4B81-A029-981D0B4FE6C5}.Release|Any CPU.Build.0 = Release|Any CPU
	EndGlobalSection
	GlobalSection(SolutionProperties) = preSolution
		HideSolutionNode = FALSE
	EndGlobalSection
	GlobalSection(ExtensibilityGlobals) = postSolution
		SolutionGuid = {C017080D-ECC0-4566-8006-605E753CB19F}
	EndGlobalSection
EndGlobal
